
Microsoft Visual Studio Solution File, Format Version 12.00
# Visual Studio Version 17
VisualStudioVersion = 17.9.34728.123
MinimumVisualStudioVersion = 10.0.40219.1
Project("{9A19103F-16F7-4668-BE54-9A1E7A4F7556}") = "ExpressVoitures.Api", "ExpressVoitures.Api\ExpressVoitures.Api.csproj", "{75CF83D5-C26A-423E-94CF-E3DA5DDE2043}"
EndProject
Project("{2150E333-8FDC-42A3-9474-1A3956D46DE8}") = "Solution Items", "Solution Items", "{2C5B49DE-C078-4861-B754-902ABDA8B3FA}"
EndProject
Project("{9A19103F-16F7-4668-BE54-9A1E7A4F7556}") = "ExpressVoitures.Api.Tests", "ExpressVoituresApi.Tests\ExpressVoitures.Api.Tests.csproj", "{BE740F09-C36D-4ABC-AD8B-9CDF07C370BB}"
EndProject
Global
	GlobalSection(SolutionConfigurationPlatforms) = preSolution
		Debug|Any CPU = Debug|Any CPU
		Release|Any CPU = Release|Any CPU
	EndGlobalSection
	GlobalSection(ProjectConfigurationPlatforms) = postSolution
		{75CF83D5-C26A-423E-94CF-E3DA5DDE2043}.Debug|Any CPU.ActiveCfg = Debug|Any CPU
		{75CF83D5-C26A-423E-94CF-E3DA5DDE2043}.Debug|Any CPU.Build.0 = Debug|Any CPU
		{75CF83D5-C26A-423E-94CF-E3DA5DDE2043}.Release|Any CPU.ActiveCfg = Release|Any CPU
		{75CF83D5-C26A-423E-94CF-E3DA5DDE2043}.Release|Any CPU.Build.0 = Release|Any CPU
		{BE740F09-C36D-4ABC-AD8B-9CDF07C370BB}.Debug|Any CPU.ActiveCfg = Debug|Any CPU
		{BE740F09-C36D-4ABC-AD8B-9CDF07C370BB}.Debug|Any CPU.Build.0 = Debug|Any CPU
		{BE740F09-C36D-4ABC-AD8B-9CDF07C370BB}.Release|Any CPU.ActiveCfg = Release|Any CPU
		{BE740F09-C36D-4ABC-AD8B-9CDF07C370BB}.Release|Any CPU.Build.0 = Release|Any CPU
	EndGlobalSection
	GlobalSection(SolutionProperties) = preSolution
		HideSolutionNode = FALSE
	EndGlobalSection
	GlobalSection(ExtensibilityGlobals) = postSolution
		SolutionGuid = {785F18E2-614F-4179-8207-D9681E2978D3}
	EndGlobalSection
EndGlobal
